// !$*UTF8*$!
{
	archiveVersion = 1;
	classes = {
	};
	objectVersion = 46;
	objects = {

/* Begin PBXBuildFile section */
		CDDCFCF81DEE9ECE00E5D112 /* AppDelegate.swift in Sources */ = {isa = PBXBuildFile; fileRef = CDDCFCF71DEE9ECE00E5D112 /* AppDelegate.swift */; };
		CDDCFCFA1DEE9ECE00E5D112 /* ViewController.swift in Sources */ = {isa = PBXBuildFile; fileRef = CDDCFCF91DEE9ECE00E5D112 /* ViewController.swift */; };
		CDDCFCFD1DEE9ECE00E5D112 /* Main.storyboard in Resources */ = {isa = PBXBuildFile; fileRef = CDDCFCFB1DEE9ECE00E5D112 /* Main.storyboard */; };
		CDDCFCFF1DEE9ECE00E5D112 /* Assets.xcassets in Resources */ = {isa = PBXBuildFile; fileRef = CDDCFCFE1DEE9ECE00E5D112 /* Assets.xcassets */; };
		CDDCFD021DEE9ECE00E5D112 /* LaunchScreen.storyboard in Resources */ = {isa = PBXBuildFile; fileRef = CDDCFD001DEE9ECE00E5D112 /* LaunchScreen.storyboard */; };
		CDDCFD121DEEA41000E5D112 /* RxCocoa.framework in Frameworks */ = {isa = PBXBuildFile; fileRef = CDDCFD101DEEA41000E5D112 /* RxCocoa.framework */; };
		CDDCFD131DEEA41000E5D112 /* RxSwift.framework in Frameworks */ = {isa = PBXBuildFile; fileRef = CDDCFD111DEEA41000E5D112 /* RxSwift.framework */; };
		CDDCFD151DEEA48500E5D112 /* WeatherAPI.swift in Sources */ = {isa = PBXBuildFile; fileRef = CDDCFD141DEEA48500E5D112 /* WeatherAPI.swift */; };
		CDDCFD171DEEA4E100E5D112 /* WeatherViewModel.swift in Sources */ = {isa = PBXBuildFile; fileRef = CDDCFD161DEEA4E100E5D112 /* WeatherViewModel.swift */; };
		CDDCFD191DEEA6A600E5D112 /* DarkSkyWeatherModel.swift in Sources */ = {isa = PBXBuildFile; fileRef = CDDCFD181DEEA6A600E5D112 /* DarkSkyWeatherModel.swift */; };
		CDDCFD1C1DEEA70700E5D112 /* Constant.swift in Sources */ = {isa = PBXBuildFile; fileRef = CDDCFD1B1DEEA70700E5D112 /* Constant.swift */; };
/* End PBXBuildFile section */

/* Begin PBXFileReference section */
		CDDCFCF41DEE9ECE00E5D112 /* RXSwift Weather.app */ = {isa = PBXFileReference; explicitFileType = wrapper.application; includeInIndex = 0; path = "RXSwift Weather.app"; sourceTree = BUILT_PRODUCTS_DIR; };
		CDDCFCF71DEE9ECE00E5D112 /* AppDelegate.swift */ = {isa = PBXFileReference; lastKnownFileType = sourcecode.swift; path = AppDelegate.swift; sourceTree = "<group>"; };
		CDDCFCF91DEE9ECE00E5D112 /* ViewController.swift */ = {isa = PBXFileReference; lastKnownFileType = sourcecode.swift; path = ViewController.swift; sourceTree = "<group>"; };
		CDDCFCFC1DEE9ECE00E5D112 /* Base */ = {isa = PBXFileReference; lastKnownFileType = file.storyboard; name = Base; path = Base.lproj/Main.storyboard; sourceTree = "<group>"; };
		CDDCFCFE1DEE9ECE00E5D112 /* Assets.xcassets */ = {isa = PBXFileReference; lastKnownFileType = folder.assetcatalog; path = Assets.xcassets; sourceTree = "<group>"; };
		CDDCFD011DEE9ECE00E5D112 /* Base */ = {isa = PBXFileReference; lastKnownFileType = file.storyboard; name = Base; path = Base.lproj/LaunchScreen.storyboard; sourceTree = "<group>"; };
		CDDCFD031DEE9ECE00E5D112 /* Info.plist */ = {isa = PBXFileReference; lastKnownFileType = text.plist.xml; path = Info.plist; sourceTree = "<group>"; };
		CDDCFD101DEEA41000E5D112 /* RxCocoa.framework */ = {isa = PBXFileReference; lastKnownFileType = wrapper.framework; name = RxCocoa.framework; path = Carthage/Build/iOS/RxCocoa.framework; sourceTree = "<group>"; };
		CDDCFD111DEEA41000E5D112 /* RxSwift.framework */ = {isa = PBXFileReference; lastKnownFileType = wrapper.framework; name = RxSwift.framework; path = Carthage/Build/iOS/RxSwift.framework; sourceTree = "<group>"; };
		CDDCFD141DEEA48500E5D112 /* WeatherAPI.swift */ = {isa = PBXFileReference; fileEncoding = 4; lastKnownFileType = sourcecode.swift; path = WeatherAPI.swift; sourceTree = "<group>"; };
		CDDCFD161DEEA4E100E5D112 /* WeatherViewModel.swift */ = {isa = PBXFileReference; fileEncoding = 4; lastKnownFileType = sourcecode.swift; path = WeatherViewModel.swift; sourceTree = "<group>"; };
		CDDCFD181DEEA6A600E5D112 /* DarkSkyWeatherModel.swift */ = {isa = PBXFileReference; fileEncoding = 4; lastKnownFileType = sourcecode.swift; path = DarkSkyWeatherModel.swift; sourceTree = "<group>"; };
		CDDCFD1B1DEEA70700E5D112 /* Constant.swift */ = {isa = PBXFileReference; fileEncoding = 4; lastKnownFileType = sourcecode.swift; path = Constant.swift; sourceTree = "<group>"; };
/* End PBXFileReference section */

/* Begin PBXFrameworksBuildPhase section */
		CDDCFCF11DEE9ECE00E5D112 /* Frameworks */ = {
			isa = PBXFrameworksBuildPhase;
			buildActionMask = 2147483647;
			files = (
				CDDCFD121DEEA41000E5D112 /* RxCocoa.framework in Frameworks */,
				CDDCFD131DEEA41000E5D112 /* RxSwift.framework in Frameworks */,
			);
			runOnlyForDeploymentPostprocessing = 0;
		};
/* End PBXFrameworksBuildPhase section */

/* Begin PBXGroup section */
		CDDCFCEB1DEE9ECD00E5D112 = {
			isa = PBXGroup;
			children = (
				CDDCFCF61DEE9ECE00E5D112 /* RXSwift Weather */,
				CDDCFCF51DEE9ECE00E5D112 /* Products */,
				CDDCFD0F1DEEA40C00E5D112 /* Frameworks */,
			);
			sourceTree = "<group>";
		};
		CDDCFCF51DEE9ECE00E5D112 /* Products */ = {
			isa = PBXGroup;
			children = (
				CDDCFCF41DEE9ECE00E5D112 /* RXSwift Weather.app */,
			);
			name = Products;
			sourceTree = "<group>";
		};
		CDDCFCF61DEE9ECE00E5D112 /* RXSwift Weather */ = {
			isa = PBXGroup;
			children = (
				CDDCFD1A1DEEA6FD00E5D112 /* Utils */,
				CDDCFD0D1DEEA03100E5D112 /* View */,
				CDDCFD0A1DEE9FC900E5D112 /* Controller */,
				CDDCFD0B1DEE9FCF00E5D112 /* ViewModel */,
				CDDCFD091DEE9FB300E5D112 /* Model */,
				CDDCFD0C1DEE9FF000E5D112 /* Networking */,
				CDDCFD0E1DEEA05400E5D112 /* Supporting Files */,
			);
			path = "RXSwift Weather";
			sourceTree = "<group>";
		};
		CDDCFD091DEE9FB300E5D112 /* Model */ = {
			isa = PBXGroup;
			children = (
				CDDCFD181DEEA6A600E5D112 /* DarkSkyWeatherModel.swift */,
			);
			name = Model;
			sourceTree = "<group>";
		};
		CDDCFD0A1DEE9FC900E5D112 /* Controller */ = {
			isa = PBXGroup;
			children = (
				CDDCFCF91DEE9ECE00E5D112 /* ViewController.swift */,
			);
			name = Controller;
			sourceTree = "<group>";
		};
		CDDCFD0B1DEE9FCF00E5D112 /* ViewModel */ = {
			isa = PBXGroup;
			children = (
				CDDCFD161DEEA4E100E5D112 /* WeatherViewModel.swift */,
			);
			name = ViewModel;
			sourceTree = "<group>";
		};
		CDDCFD0C1DEE9FF000E5D112 /* Networking */ = {
			isa = PBXGroup;
			children = (
				CDDCFD141DEEA48500E5D112 /* WeatherAPI.swift */,
			);
			name = Networking;
			sourceTree = "<group>";
		};
		CDDCFD0D1DEEA03100E5D112 /* View */ = {
			isa = PBXGroup;
			children = (
				CDDCFCFB1DEE9ECE00E5D112 /* Main.storyboard */,
				CDDCFD001DEE9ECE00E5D112 /* LaunchScreen.storyboard */,
			);
			name = View;
			sourceTree = "<group>";
		};
		CDDCFD0E1DEEA05400E5D112 /* Supporting Files */ = {
			isa = PBXGroup;
			children = (
				CDDCFCF71DEE9ECE00E5D112 /* AppDelegate.swift */,
				CDDCFCFE1DEE9ECE00E5D112 /* Assets.xcassets */,
				CDDCFD031DEE9ECE00E5D112 /* Info.plist */,
			);
			name = "Supporting Files";
			sourceTree = "<group>";
		};
		CDDCFD0F1DEEA40C00E5D112 /* Frameworks */ = {
			isa = PBXGroup;
			children = (
				CDDCFD101DEEA41000E5D112 /* RxCocoa.framework */,
				CDDCFD111DEEA41000E5D112 /* RxSwift.framework */,
			);
			name = Frameworks;
			sourceTree = "<group>";
		};
		CDDCFD1A1DEEA6FD00E5D112 /* Utils */ = {
			isa = PBXGroup;
			children = (
				CDDCFD1B1DEEA70700E5D112 /* Constant.swift */,
			);
			name = Utils;
			sourceTree = "<group>";
		};
/* End PBXGroup section */

/* Begin PBXNativeTarget section */
		CDDCFCF31DEE9ECE00E5D112 /* RXSwift Weather */ = {
			isa = PBXNativeTarget;
			buildConfigurationList = CDDCFD061DEE9ECE00E5D112 /* Build configuration list for PBXNativeTarget "RXSwift Weather" */;
			buildPhases = (
				CDDCFCF01DEE9ECE00E5D112 /* Sources */,
				CDDCFCF11DEE9ECE00E5D112 /* Frameworks */,
				CDDCFCF21DEE9ECE00E5D112 /* Resources */,
			);
			buildRules = (
			);
			dependencies = (
			);
			name = "RXSwift Weather";
			productName = "RXSwift Weather";
			productReference = CDDCFCF41DEE9ECE00E5D112 /* RXSwift Weather.app */;
			productType = "com.apple.product-type.application";
		};
/* End PBXNativeTarget section */

/* Begin PBXProject section */
		CDDCFCEC1DEE9ECD00E5D112 /* Project object */ = {
			isa = PBXProject;
			attributes = {
				LastSwiftUpdateCheck = 0810;
				LastUpgradeCheck = 0810;
				ORGANIZATIONNAME = "Team Delmarz";
				TargetAttributes = {
					CDDCFCF31DEE9ECE00E5D112 = {
						CreatedOnToolsVersion = 8.1;
						DevelopmentTeam = W8T4AU8AM8;
						ProvisioningStyle = Automatic;
					};
				};
			};
			buildConfigurationList = CDDCFCEF1DEE9ECD00E5D112 /* Build configuration list for PBXProject "RXSwift Weather" */;
			compatibilityVersion = "Xcode 3.2";
			developmentRegion = English;
			hasScannedForEncodings = 0;
			knownRegions = (
				en,
				Base,
			);
			mainGroup = CDDCFCEB1DEE9ECD00E5D112;
			productRefGroup = CDDCFCF51DEE9ECE00E5D112 /* Products */;
			projectDirPath = "";
			projectRoot = "";
			targets = (
				CDDCFCF31DEE9ECE00E5D112 /* RXSwift Weather */,
			);
		};
/* End PBXProject section */

/* Begin PBXResourcesBuildPhase section */
		CDDCFCF21DEE9ECE00E5D112 /* Resources */ = {
			isa = PBXResourcesBuildPhase;
			buildActionMask = 2147483647;
			files = (
				CDDCFD021DEE9ECE00E5D112 /* LaunchScreen.storyboard in Resources */,
				CDDCFCFF1DEE9ECE00E5D112 /* Assets.xcassets in Resources */,
				CDDCFCFD1DEE9ECE00E5D112 /* Main.storyboard in Resources */,
			);
			runOnlyForDeploymentPostprocessing = 0;
		};
/* End PBXResourcesBuildPhase section */

/* Begin PBXSourcesBuildPhase section */
		CDDCFCF01DEE9ECE00E5D112 /* Sources */ = {
			isa = PBXSourcesBuildPhase;
			buildActionMask = 2147483647;
			files = (
				CDDCFD151DEEA48500E5D112 /* WeatherAPI.swift in Sources */,
				CDDCFD171DEEA4E100E5D112 /* WeatherViewModel.swift in Sources */,
				CDDCFD191DEEA6A600E5D112 /* DarkSkyWeatherModel.swift in Sources */,
				CDDCFCFA1DEE9ECE00E5D112 /* ViewController.swift in Sources */,
				CDDCFCF81DEE9ECE00E5D112 /* AppDelegate.swift in Sources */,
				CDDCFD1C1DEEA70700E5D112 /* Constant.swift in Sources */,
			);
			runOnlyForDeploymentPostprocessing = 0;
		};
/* End PBXSourcesBuildPhase section */

/* Begin PBXVariantGroup section */
		CDDCFCFB1DEE9ECE00E5D112 /* Main.storyboard */ = {
			isa = PBXVariantGroup;
			children = (
				CDDCFCFC1DEE9ECE00E5D112 /* Base */,
			);
			name = Main.storyboard;
			sourceTree = "<group>";
		};
		CDDCFD001DEE9ECE00E5D112 /* LaunchScreen.storyboard */ = {
			isa = PBXVariantGroup;
			children = (
				CDDCFD011DEE9ECE00E5D112 /* Base */,
			);
			name = LaunchScreen.storyboard;
			sourceTree = "<group>";
		};
/* End PBXVariantGroup section */

/* Begin XCBuildConfiguration section */
		CDDCFD041DEE9ECE00E5D112 /* Debug */ = {
			isa = XCBuildConfiguration;
			buildSettings = {
				ALWAYS_SEARCH_USER_PATHS = NO;
				CLANG_ANALYZER_NONNULL = YES;
				CLANG_CXX_LANGUAGE_STANDARD = "gnu++0x";
				CLANG_CXX_LIBRARY = "libc++";
				CLANG_ENABLE_MODULES = YES;
				CLANG_ENABLE_OBJC_ARC = YES;
				CLANG_WARN_BOOL_CONVERSION = YES;
				CLANG_WARN_CONSTANT_CONVERSION = YES;
				CLANG_WARN_DIRECT_OBJC_ISA_USAGE = YES_ERROR;
				CLANG_WARN_DOCUMENTATION_COMMENTS = YES;
				CLANG_WARN_EMPTY_BODY = YES;
				CLANG_WARN_ENUM_CONVERSION = YES;
				CLANG_WARN_INFINITE_RECURSION = YES;
				CLANG_WARN_INT_CONVERSION = YES;
				CLANG_WARN_OBJC_ROOT_CLASS = YES_ERROR;
				CLANG_WARN_SUSPICIOUS_MOVES = YES;
				CLANG_WARN_UNREACHABLE_CODE = YES;
				CLANG_WARN__DUPLICATE_METHOD_MATCH = YES;
				"CODE_SIGN_IDENTITY[sdk=iphoneos*]" = "iPhone Developer";
				COPY_PHASE_STRIP = NO;
				DEBUG_INFORMATION_FORMAT = dwarf;
				ENABLE_STRICT_OBJC_MSGSEND = YES;
				ENABLE_TESTABILITY = YES;
				GCC_C_LANGUAGE_STANDARD = gnu99;
				GCC_DYNAMIC_NO_PIC = NO;
				GCC_NO_COMMON_BLOCKS = YES;
				GCC_OPTIMIZATION_LEVEL = 0;
				GCC_PREPROCESSOR_DEFINITIONS = (
					"DEBUG=1",
					"$(inherited)",
				);
				GCC_WARN_64_TO_32_BIT_CONVERSION = YES;
				GCC_WARN_ABOUT_RETURN_TYPE = YES_ERROR;
				GCC_WARN_UNDECLARED_SELECTOR = YES;
				GCC_WARN_UNINITIALIZED_AUTOS = YES_AGGRESSIVE;
				GCC_WARN_UNUSED_FUNCTION = YES;
				GCC_WARN_UNUSED_VARIABLE = YES;
				IPHONEOS_DEPLOYMENT_TARGET = 10.1;
				MTL_ENABLE_DEBUG_INFO = YES;
				ONLY_ACTIVE_ARCH = YES;
				SDKROOT = iphoneos;
				SWIFT_ACTIVE_COMPILATION_CONDITIONS = DEBUG;
				SWIFT_OPTIMIZATION_LEVEL = "-Onone";
				TARGETED_DEVICE_FAMILY = "1,2";
			};
			name = Debug;
		};
		CDDCFD051DEE9ECE00E5D112 /* Release */ = {
			isa = XCBuildConfiguration;
			buildSettings = {
				ALWAYS_SEARCH_USER_PATHS = NO;
				CLANG_ANALYZER_NONNULL = YES;
				CLANG_CXX_LANGUAGE_STANDARD = "gnu++0x";
				CLANG_CXX_LIBRARY = "libc++";
				CLANG_ENABLE_MODULES = YES;
				CLANG_ENABLE_OBJC_ARC = YES;
				CLANG_WARN_BOOL_CONVERSION = YES;
				CLANG_WARN_CONSTANT_CONVERSION = YES;
				CLANG_WARN_DIRECT_OBJC_ISA_USAGE = YES_ERROR;
				CLANG_WARN_DOCUMENTATION_COMMENTS = YES;
				CLANG_WARN_EMPTY_BODY = YES;
				CLANG_WARN_ENUM_CONVERSION = YES;
				CLANG_WARN_INFINITE_RECURSION = YES;
				CLANG_WARN_INT_CONVERSION = YES;
				CLANG_WARN_OBJC_ROOT_CLASS = YES_ERROR;
				CLANG_WARN_SUSPICIOUS_MOVES = YES;
				CLANG_WARN_UNREACHABLE_CODE = YES;
				CLANG_WARN__DUPLICATE_METHOD_MATCH = YES;
				"CODE_SIGN_IDENTITY[sdk=iphoneos*]" = "iPhone Developer";
				COPY_PHASE_STRIP = NO;
				DEBUG_INFORMATION_FORMAT = "dwarf-with-dsym";
				ENABLE_NS_ASSERTIONS = NO;
				ENABLE_STRICT_OBJC_MSGSEND = YES;
				GCC_C_LANGUAGE_STANDARD = gnu99;
				GCC_NO_COMMON_BLOCKS = YES;
				GCC_WARN_64_TO_32_BIT_CONVERSION = YES;
				GCC_WARN_ABOUT_RETURN_TYPE = YES_ERROR;
				GCC_WARN_UNDECLARED_SELECTOR = YES;
				GCC_WARN_UNINITIALIZED_AUTOS = YES_AGGRESSIVE;
				GCC_WARN_UNUSED_FUNCTION = YES;
				GCC_WARN_UNUSED_VARIABLE = YES;
				IPHONEOS_DEPLOYMENT_TARGET = 10.1;
				MTL_ENABLE_DEBUG_INFO = NO;
				SDKROOT = iphoneos;
				SWIFT_OPTIMIZATION_LEVEL = "-Owholemodule";
				TARGETED_DEVICE_FAMILY = "1,2";
				VALIDATE_PRODUCT = YES;
			};
			name = Release;
		};
		CDDCFD071DEE9ECE00E5D112 /* Debug */ = {
			isa = XCBuildConfiguration;
			buildSettings = {
				ASSETCATALOG_COMPILER_APPICON_NAME = AppIcon;
				DEVELOPMENT_TEAM = W8T4AU8AM8;
				FRAMEWORK_SEARCH_PATHS = (
					"$(inherited)",
					"$(PROJECT_DIR)/Carthage/Build/iOS",
				);
				INFOPLIST_FILE = "RXSwift Weather/Info.plist";
				LD_RUNPATH_SEARCH_PATHS = "$(inherited) @executable_path/Frameworks";
				PRODUCT_BUNDLE_IDENTIFIER = "com.delmarz.RXSwift-Weather";
				PRODUCT_NAME = "$(TARGET_NAME)";
				SWIFT_VERSION = 3.0;
			};
			name = Debug;
		};
		CDDCFD081DEE9ECE00E5D112 /* Release */ = {
			isa = XCBuildConfiguration;
			buildSettings = {
				ASSETCATALOG_COMPILER_APPICON_NAME = AppIcon;
				DEVELOPMENT_TEAM = W8T4AU8AM8;
				FRAMEWORK_SEARCH_PATHS = (
					"$(inherited)",
					"$(PROJECT_DIR)/Carthage/Build/iOS",
				);
				INFOPLIST_FILE = "RXSwift Weather/Info.plist";
				LD_RUNPATH_SEARCH_PATHS = "$(inherited) @executable_path/Frameworks";
				PRODUCT_BUNDLE_IDENTIFIER = "com.delmarz.RXSwift-Weather";
				PRODUCT_NAME = "$(TARGET_NAME)";
				SWIFT_VERSION = 3.0;
			};
			name = Release;
		};
/* End XCBuildConfiguration section */

/* Begin XCConfigurationList section */
		CDDCFCEF1DEE9ECD00E5D112 /* Build configuration list for PBXProject "RXSwift Weather" */ = {
			isa = XCConfigurationList;
			buildConfigurations = (
				CDDCFD041DEE9ECE00E5D112 /* Debug */,
				CDDCFD051DEE9ECE00E5D112 /* Release */,
			);
			defaultConfigurationIsVisible = 0;
			defaultConfigurationName = Release;
		};
		CDDCFD061DEE9ECE00E5D112 /* Build configuration list for PBXNativeTarget "RXSwift Weather" */ = {
			isa = XCConfigurationList;
			buildConfigurations = (
				CDDCFD071DEE9ECE00E5D112 /* Debug */,
				CDDCFD081DEE9ECE00E5D112 /* Release */,
			);
			defaultConfigurationIsVisible = 0;
			defaultConfigurationName = Release;
		};
/* End XCConfigurationList section */
	};
	rootObject = CDDCFCEC1DEE9ECD00E5D112 /* Project object */;
}
